
Microsoft Visual Studio Solution File, Format Version 12.00
# Visual Studio Version 16
VisualStudioVersion = 16.0.31129.286
MinimumVisualStudioVersion = 10.0.40219.1
Project("{FAE04EC0-301F-11D3-BF4B-00C04F79EFBC}") = "Tic-Tac-Toe", "Tic-Tac-Toe.csproj", "{123E9E7A-904A-400C-8622-55C70706C305}"
EndProject
Global
	GlobalSection(SolutionConfigurationPlatforms) = preSolution
		Debug|Any CPU = Debug|Any CPU
		Release|Any CPU = Release|Any CPU
	EndGlobalSection
	GlobalSection(ProjectConfigurationPlatforms) = postSolution
		{123E9E7A-904A-400C-8622-55C70706C305}.Debug|Any CPU.ActiveCfg = Debug|Any CPU
		{123E9E7A-904A-400C-8622-55C70706C305}.Debug|Any CPU.Build.0 = Debug|Any CPU
		{123E9E7A-904A-400C-8622-55C70706C305}.Release|Any CPU.ActiveCfg = Release|Any CPU
		{123E9E7A-904A-400C-8622-55C70706C305}.Release|Any CPU.Build.0 = Release|Any CPU
	EndGlobalSection
	GlobalSection(SolutionProperties) = preSolution
		HideSolutionNode = FALSE
	EndGlobalSection
	GlobalSection(ExtensibilityGlobals) = postSolution
		SolutionGuid = {6A5A950C-5BE7-4894-BCAD-998512CA8FEB}
	EndGlobalSection
EndGlobal
